
Microsoft Visual Studio Solution File, Format Version 12.00
# Visual Studio Version 17
VisualStudioVersion = 17.1.32210.238
MinimumVisualStudioVersion = 10.0.40219.1
Project("{FAE04EC0-301F-11D3-BF4B-00C04F79EFBC}") = "Proyecto", "Proyecto\Proyecto.csproj", "{6F2162A9-1C15-4E7E-B6C9-4839B0DDB070}"
EndProject
Global
	GlobalSection(SolutionConfigurationPlatforms) = preSolution
		Debug|Any CPU = Debug|Any CPU
		Release|Any CPU = Release|Any CPU
	EndGlobalSection
	GlobalSection(ProjectConfigurationPlatforms) = postSolution
		{6F2162A9-1C15-4E7E-B6C9-4839B0DDB070}.Debug|Any CPU.ActiveCfg = Debug|Any CPU
		{6F2162A9-1C15-4E7E-B6C9-4839B0DDB070}.Debug|Any CPU.Build.0 = Debug|Any CPU
		{6F2162A9-1C15-4E7E-B6C9-4839B0DDB070}.Release|Any CPU.ActiveCfg = Release|Any CPU
		{6F2162A9-1C15-4E7E-B6C9-4839B0DDB070}.Release|Any CPU.Build.0 = Release|Any CPU
	EndGlobalSection
	GlobalSection(SolutionProperties) = preSolution
		HideSolutionNode = FALSE
	EndGlobalSection
	GlobalSection(ExtensibilityGlobals) = postSolution
		SolutionGuid = {8E8D773C-8732-46AA-B622-EC36605D5727}
	EndGlobalSection
EndGlobal
